// !$*UTF8*$!
{
	archiveVersion = 1;
	classes = {
	};
	objectVersion = 70;
	objects = {

/* Begin PBXBuildFile section */
		480A202A2DB60B0E009C407D /* Color.swift in Sources */ = {isa = PBXBuildFile; fileRef = 480A20292DB60B08009C407D /* Color.swift */; };
		480A202B2DB60B0E009C407D /* Color.swift in Sources */ = {isa = PBXBuildFile; fileRef = 480A20292DB60B08009C407D /* Color.swift */; };
		4847148D2DA6C8CC0062E38C /* rural_calendar.txt in Resources */ = {isa = PBXBuildFile; fileRef = 4847148C2DA6C8CC0062E38C /* rural_calendar.txt */; };
		484D4E842DAF364300A2392D /* ReminderCreationView.swift in Sources */ = {isa = PBXBuildFile; fileRef = 484D4E832DAF363600A2392D /* ReminderCreationView.swift */; };
		484D4E852DAF364300A2392D /* ReminderCreationView.swift in Sources */ = {isa = PBXBuildFile; fileRef = 484D4E832DAF363600A2392D /* ReminderCreationView.swift */; };
		484D4E872DB028DE00A2392D /* TimePicker.swift in Sources */ = {isa = PBXBuildFile; fileRef = 484D4E862DB0287A00A2392D /* TimePicker.swift */; };
		484D4E882DB028DE00A2392D /* TimePicker.swift in Sources */ = {isa = PBXBuildFile; fileRef = 484D4E862DB0287A00A2392D /* TimePicker.swift */; };
		48535D972DAD699100AAB5D6 /* Global.swift in Sources */ = {isa = PBXBuildFile; fileRef = 48535D962DAD698E00AAB5D6 /* Global.swift */; };
		48535D992DAD91DA00AAB5D6 /* UIDevice.swift in Sources */ = {isa = PBXBuildFile; fileRef = 48535D982DAD91D600AAB5D6 /* UIDevice.swift */; };
		48535D9A2DAD91DA00AAB5D6 /* UIDevice.swift in Sources */ = {isa = PBXBuildFile; fileRef = 48535D982DAD91D600AAB5D6 /* UIDevice.swift */; };
		48599A222DB9DCBD00321C4A /* FRDate.swift in Sources */ = {isa = PBXBuildFile; fileRef = 48670B542D9DF72F008CB09D /* FRDate.swift */; };
		48599A232DB9DCC200321C4A /* Date.swift in Sources */ = {isa = PBXBuildFile; fileRef = 48670B562D9DF739008CB09D /* Date.swift */; };
		48599A242DB9DCC600321C4A /* View.swift in Sources */ = {isa = PBXBuildFile; fileRef = 48670B8B2D9EF0D9008CB09D /* View.swift */; };
		48599A252DB9DCD000321C4A /* frcal_leap.txt in Resources */ = {isa = PBXBuildFile; fileRef = 48670B5A2D9DFC93008CB09D /* frcal_leap.txt */; };
		48599A262DB9DCF100321C4A /* rural_calendar.txt in Resources */ = {isa = PBXBuildFile; fileRef = 4847148C2DA6C8CC0062E38C /* rural_calendar.txt */; };
		48670B2A2D9DF6E6008CB09D /* FRCalendarApp.swift in Sources */ = {isa = PBXBuildFile; fileRef = 48670B292D9DF6E6008CB09D /* FRCalendarApp.swift */; };
		48670B2C2D9DF6E6008CB09D /* ContentView.swift in Sources */ = {isa = PBXBuildFile; fileRef = 48670B2B2D9DF6E6008CB09D /* ContentView.swift */; };
		48670B2E2D9DF6E8008CB09D /* Assets.xcassets in Resources */ = {isa = PBXBuildFile; fileRef = 48670B2D2D9DF6E8008CB09D /* Assets.xcassets */; };
		48670B322D9DF6E8008CB09D /* Preview Assets.xcassets in Resources */ = {isa = PBXBuildFile; fileRef = 48670B312D9DF6E8008CB09D /* Preview Assets.xcassets */; };
		48670B3C2D9DF6E8008CB09D /* FRCalendarTests.swift in Sources */ = {isa = PBXBuildFile; fileRef = 48670B3B2D9DF6E8008CB09D /* FRCalendarTests.swift */; };
		48670B462D9DF6E8008CB09D /* FRCalendarUITests.swift in Sources */ = {isa = PBXBuildFile; fileRef = 48670B452D9DF6E8008CB09D /* FRCalendarUITests.swift */; };
		48670B482D9DF6E8008CB09D /* FRCalendarUITestsLaunchTests.swift in Sources */ = {isa = PBXBuildFile; fileRef = 48670B472D9DF6E8008CB09D /* FRCalendarUITestsLaunchTests.swift */; };
		48670B552D9DF72F008CB09D /* FRDate.swift in Sources */ = {isa = PBXBuildFile; fileRef = 48670B542D9DF72F008CB09D /* FRDate.swift */; };
		48670B572D9DF739008CB09D /* Date.swift in Sources */ = {isa = PBXBuildFile; fileRef = 48670B562D9DF739008CB09D /* Date.swift */; };
		48670B582D9DF824008CB09D /* FRDate.swift in Sources */ = {isa = PBXBuildFile; fileRef = 48670B542D9DF72F008CB09D /* FRDate.swift */; };
		48670B592D9DF829008CB09D /* Date.swift in Sources */ = {isa = PBXBuildFile; fileRef = 48670B562D9DF739008CB09D /* Date.swift */; };
		48670B5B2D9DFC93008CB09D /* frcal_leap.txt in Resources */ = {isa = PBXBuildFile; fileRef = 48670B5A2D9DFC93008CB09D /* frcal_leap.txt */; };
		48670B7E2D9EF0B9008CB09D /* YearViewModel.swift in Sources */ = {isa = PBXBuildFile; fileRef = 48670B742D9EF0B9008CB09D /* YearViewModel.swift */; };
		48670B7F2D9EF0B9008CB09D /* YearViewModel.swift in Sources */ = {isa = PBXBuildFile; fileRef = 48670B742D9EF0B9008CB09D /* YearViewModel.swift */; };
		48670B842D9EF0B9008CB09D /* Month.swift in Sources */ = {isa = PBXBuildFile; fileRef = 48670B782D9EF0B9008CB09D /* Month.swift */; };
		48670B852D9EF0B9008CB09D /* Month.swift in Sources */ = {isa = PBXBuildFile; fileRef = 48670B782D9EF0B9008CB09D /* Month.swift */; };
		48670B862D9EF0B9008CB09D /* Day.swift in Sources */ = {isa = PBXBuildFile; fileRef = 48670B7A2D9EF0B9008CB09D /* Day.swift */; };
		48670B872D9EF0B9008CB09D /* Day.swift in Sources */ = {isa = PBXBuildFile; fileRef = 48670B7A2D9EF0B9008CB09D /* Day.swift */; };
		48670B8D2D9EF0D9008CB09D /* View.swift in Sources */ = {isa = PBXBuildFile; fileRef = 48670B8B2D9EF0D9008CB09D /* View.swift */; };
		48670B8E2D9EF0D9008CB09D /* View.swift in Sources */ = {isa = PBXBuildFile; fileRef = 48670B8B2D9EF0D9008CB09D /* View.swift */; };
		486E77592DA764FA0094FE9E /* ContentView.swift in Sources */ = {isa = PBXBuildFile; fileRef = 48670B2B2D9DF6E6008CB09D /* ContentView.swift */; };
		486E775B2DA771470094FE9E /* AppDelegate.swift in Sources */ = {isa = PBXBuildFile; fileRef = 486E775A2DA7713F0094FE9E /* AppDelegate.swift */; };
		487561DC2DB873CB00EE1628 /* WidgetKit.framework in Frameworks */ = {isa = PBXBuildFile; fileRef = 487561A52DB86ED100EE1628 /* WidgetKit.framework */; };
		487561DD2DB873CB00EE1628 /* SwiftUI.framework in Frameworks */ = {isa = PBXBuildFile; fileRef = 487561A72DB86ED100EE1628 /* SwiftUI.framework */; };
		487561EC2DB873CC00EE1628 /* FRCalendarWidgetExtension.appex in Embed Foundation Extensions */ = {isa = PBXBuildFile; fileRef = 487561DB2DB873CB00EE1628 /* FRCalendarWidgetExtension.appex */; settings = {ATTRIBUTES = (RemoveHeadersOnCopy, ); }; };
		4886639C2D9F83CC006B6646 /* YearView.swift in Sources */ = {isa = PBXBuildFile; fileRef = 4886639B2D9F83C1006B6646 /* YearView.swift */; };
		4886639D2D9F83CC006B6646 /* YearView.swift in Sources */ = {isa = PBXBuildFile; fileRef = 4886639B2D9F83C1006B6646 /* YearView.swift */; };
		4886639F2D9F8424006B6646 /* MonthGridView.swift in Sources */ = {isa = PBXBuildFile; fileRef = 4886639E2D9F8415006B6646 /* MonthGridView.swift */; };
		488663A02D9F8424006B6646 /* MonthGridView.swift in Sources */ = {isa = PBXBuildFile; fileRef = 4886639E2D9F8415006B6646 /* MonthGridView.swift */; };
		488663A22D9F8535006B6646 /* DayView.swift in Sources */ = {isa = PBXBuildFile; fileRef = 488663A12D9F8531006B6646 /* DayView.swift */; };
		488663A32D9F8535006B6646 /* DayView.swift in Sources */ = {isa = PBXBuildFile; fileRef = 488663A12D9F8531006B6646 /* DayView.swift */; };
		488663A52DA06463006B6646 /* MonthView.swift in Sources */ = {isa = PBXBuildFile; fileRef = 488663A42DA0645E006B6646 /* MonthView.swift */; };
		488663A62DA06463006B6646 /* MonthView.swift in Sources */ = {isa = PBXBuildFile; fileRef = 488663A42DA0645E006B6646 /* MonthView.swift */; };
		488663A82DA08A55006B6646 /* MiniMonthGridView.swift in Sources */ = {isa = PBXBuildFile; fileRef = 488663A72DA08A4C006B6646 /* MiniMonthGridView.swift */; };
		488663A92DA08A55006B6646 /* MiniMonthGridView.swift in Sources */ = {isa = PBXBuildFile; fileRef = 488663A72DA08A4C006B6646 /* MiniMonthGridView.swift */; };
		48CC0F672DA9C05600E4879C /* InformationView.swift in Sources */ = {isa = PBXBuildFile; fileRef = 48CC0F662DA9C04800E4879C /* InformationView.swift */; };
		48CC0F6B2DAA2DCA00E4879C /* ConverterView.swift in Sources */ = {isa = PBXBuildFile; fileRef = 48CC0F6A2DAA2DBF00E4879C /* ConverterView.swift */; };
		48CC0F6D2DAA34E700E4879C /* FRDatePicker.swift in Sources */ = {isa = PBXBuildFile; fileRef = 48CC0F6C2DAA34DA00E4879C /* FRDatePicker.swift */; };
		48E54A8F2DB1C5850024EA9A /* Reminder.swift in Sources */ = {isa = PBXBuildFile; fileRef = 48E54A8E2DB1C5850024EA9A /* Reminder.swift */; };
		48E54A902DB1C5850024EA9A /* Reminder.swift in Sources */ = {isa = PBXBuildFile; fileRef = 48E54A8E2DB1C5850024EA9A /* Reminder.swift */; };
		48EDCB932DAC139200D1A861 /* CalPickerTests.swift in Sources */ = {isa = PBXBuildFile; fileRef = 48EDCB922DAC138600D1A861 /* CalPickerTests.swift */; };
		48EDCB942DAC14AE00D1A861 /* FRDatePicker.swift in Sources */ = {isa = PBXBuildFile; fileRef = 48CC0F6C2DAA34DA00E4879C /* FRDatePicker.swift */; };
		48EDCB952DAC168500D1A861 /* ConverterView.swift in Sources */ = {isa = PBXBuildFile; fileRef = 48CC0F6A2DAA2DBF00E4879C /* ConverterView.swift */; };
		48EDCB962DAC16A500D1A861 /* InformationView.swift in Sources */ = {isa = PBXBuildFile; fileRef = 48CC0F662DA9C04800E4879C /* InformationView.swift */; };
/* End PBXBuildFile section */

/* Begin PBXContainerItemProxy section */
		48670B382D9DF6E8008CB09D /* PBXContainerItemProxy */ = {
			isa = PBXContainerItemProxy;
			containerPortal = 48670B1E2D9DF6E6008CB09D /* Project object */;
			proxyType = 1;
			remoteGlobalIDString = 48670B252D9DF6E6008CB09D;
			remoteInfo = FRCalendar;
		};
		48670B422D9DF6E8008CB09D /* PBXContainerItemProxy */ = {
			isa = PBXContainerItemProxy;
			containerPortal = 48670B1E2D9DF6E6008CB09D /* Project object */;
			proxyType = 1;
			remoteGlobalIDString = 48670B252D9DF6E6008CB09D;
			remoteInfo = FRCalendar;
		};
		487561EA2DB873CC00EE1628 /* PBXContainerItemProxy */ = {
			isa = PBXContainerItemProxy;
			containerPortal = 48670B1E2D9DF6E6008CB09D /* Project object */;
			proxyType = 1;
			remoteGlobalIDString = 487561DA2DB873CB00EE1628;
			remoteInfo = FRCalendarWidgetExtension;
		};
/* End PBXContainerItemProxy section */

/* Begin PBXCopyFilesBuildPhase section */
		487561BC2DB86ED200EE1628 /* Embed Foundation Extensions */ = {
			isa = PBXCopyFilesBuildPhase;
			buildActionMask = 2147483647;
			dstPath = "";
			dstSubfolderSpec = 13;
			files = (
				487561EC2DB873CC00EE1628 /* FRCalendarWidgetExtension.appex in Embed Foundation Extensions */,
			);
			name = "Embed Foundation Extensions";
			runOnlyForDeploymentPostprocessing = 0;
		};
/* End PBXCopyFilesBuildPhase section */

/* Begin PBXFileReference section */
		480A20292DB60B08009C407D /* Color.swift */ = {isa = PBXFileReference; lastKnownFileType = sourcecode.swift; path = Color.swift; sourceTree = "<group>"; };
		4847148C2DA6C8CC0062E38C /* rural_calendar.txt */ = {isa = PBXFileReference; lastKnownFileType = text; path = rural_calendar.txt; sourceTree = "<group>"; };
		484D4E832DAF363600A2392D /* ReminderCreationView.swift */ = {isa = PBXFileReference; lastKnownFileType = sourcecode.swift; path = ReminderCreationView.swift; sourceTree = "<group>"; };
		484D4E862DB0287A00A2392D /* TimePicker.swift */ = {isa = PBXFileReference; lastKnownFileType = sourcecode.swift; path = TimePicker.swift; sourceTree = "<group>"; };
		48535D962DAD698E00AAB5D6 /* Global.swift */ = {isa = PBXFileReference; lastKnownFileType = sourcecode.swift; path = Global.swift; sourceTree = "<group>"; };
		48535D982DAD91D600AAB5D6 /* UIDevice.swift */ = {isa = PBXFileReference; lastKnownFileType = sourcecode.swift; path = UIDevice.swift; sourceTree = "<group>"; };
		48670B262D9DF6E6008CB09D /* FRCalendar.app */ = {isa = PBXFileReference; explicitFileType = wrapper.application; includeInIndex = 0; path = FRCalendar.app; sourceTree = BUILT_PRODUCTS_DIR; };
		48670B292D9DF6E6008CB09D /* FRCalendarApp.swift */ = {isa = PBXFileReference; lastKnownFileType = sourcecode.swift; path = FRCalendarApp.swift; sourceTree = "<group>"; };
		48670B2B2D9DF6E6008CB09D /* ContentView.swift */ = {isa = PBXFileReference; lastKnownFileType = sourcecode.swift; path = ContentView.swift; sourceTree = "<group>"; };
		48670B2D2D9DF6E8008CB09D /* Assets.xcassets */ = {isa = PBXFileReference; lastKnownFileType = folder.assetcatalog; path = Assets.xcassets; sourceTree = "<group>"; };
		48670B2F2D9DF6E8008CB09D /* FRCalendar.entitlements */ = {isa = PBXFileReference; lastKnownFileType = text.plist.entitlements; path = FRCalendar.entitlements; sourceTree = "<group>"; };
		48670B312D9DF6E8008CB09D /* Preview Assets.xcassets */ = {isa = PBXFileReference; lastKnownFileType = folder.assetcatalog; path = "Preview Assets.xcassets"; sourceTree = "<group>"; };
		48670B372D9DF6E8008CB09D /* FRCalendarTests.xctest */ = {isa = PBXFileReference; explicitFileType = wrapper.cfbundle; includeInIndex = 0; path = FRCalendarTests.xctest; sourceTree = BUILT_PRODUCTS_DIR; };
		48670B3B2D9DF6E8008CB09D /* FRCalendarTests.swift */ = {isa = PBXFileReference; lastKnownFileType = sourcecode.swift; path = FRCalendarTests.swift; sourceTree = "<group>"; };
		48670B412D9DF6E8008CB09D /* FRCalendarUITests.xctest */ = {isa = PBXFileReference; explicitFileType = wrapper.cfbundle; includeInIndex = 0; path = FRCalendarUITests.xctest; sourceTree = BUILT_PRODUCTS_DIR; };
		48670B452D9DF6E8008CB09D /* FRCalendarUITests.swift */ = {isa = PBXFileReference; lastKnownFileType = sourcecode.swift; path = FRCalendarUITests.swift; sourceTree = "<group>"; };
		48670B472D9DF6E8008CB09D /* FRCalendarUITestsLaunchTests.swift */ = {isa = PBXFileReference; lastKnownFileType = sourcecode.swift; path = FRCalendarUITestsLaunchTests.swift; sourceTree = "<group>"; };
		48670B542D9DF72F008CB09D /* FRDate.swift */ = {isa = PBXFileReference; fileEncoding = 4; lastKnownFileType = sourcecode.swift; path = FRDate.swift; sourceTree = "<group>"; };
		48670B562D9DF739008CB09D /* Date.swift */ = {isa = PBXFileReference; fileEncoding = 4; lastKnownFileType = sourcecode.swift; path = Date.swift; sourceTree = "<group>"; };
		48670B5A2D9DFC93008CB09D /* frcal_leap.txt */ = {isa = PBXFileReference; fileEncoding = 4; lastKnownFileType = text; path = frcal_leap.txt; sourceTree = "<group>"; };
		48670B742D9EF0B9008CB09D /* YearViewModel.swift */ = {isa = PBXFileReference; fileEncoding = 4; lastKnownFileType = sourcecode.swift; path = YearViewModel.swift; sourceTree = "<group>"; };
		48670B782D9EF0B9008CB09D /* Month.swift */ = {isa = PBXFileReference; fileEncoding = 4; lastKnownFileType = sourcecode.swift; path = Month.swift; sourceTree = "<group>"; };
		48670B7A2D9EF0B9008CB09D /* Day.swift */ = {isa = PBXFileReference; fileEncoding = 4; lastKnownFileType = sourcecode.swift; path = Day.swift; sourceTree = "<group>"; };
		48670B8B2D9EF0D9008CB09D /* View.swift */ = {isa = PBXFileReference; fileEncoding = 4; lastKnownFileType = sourcecode.swift; path = View.swift; sourceTree = "<group>"; };
		486E775A2DA7713F0094FE9E /* AppDelegate.swift */ = {isa = PBXFileReference; lastKnownFileType = sourcecode.swift; path = AppDelegate.swift; sourceTree = "<group>"; };
		487561A52DB86ED100EE1628 /* WidgetKit.framework */ = {isa = PBXFileReference; lastKnownFileType = wrapper.framework; name = WidgetKit.framework; path = System/Library/Frameworks/WidgetKit.framework; sourceTree = SDKROOT; };
		487561A72DB86ED100EE1628 /* SwiftUI.framework */ = {isa = PBXFileReference; lastKnownFileType = wrapper.framework; name = SwiftUI.framework; path = System/Library/Frameworks/SwiftUI.framework; sourceTree = SDKROOT; };
		487561DB2DB873CB00EE1628 /* FRCalendarWidgetExtension.appex */ = {isa = PBXFileReference; explicitFileType = "wrapper.app-extension"; includeInIndex = 0; path = FRCalendarWidgetExtension.appex; sourceTree = BUILT_PRODUCTS_DIR; };
		4886639B2D9F83C1006B6646 /* YearView.swift */ = {isa = PBXFileReference; lastKnownFileType = sourcecode.swift; path = YearView.swift; sourceTree = "<group>"; };
		4886639E2D9F8415006B6646 /* MonthGridView.swift */ = {isa = PBXFileReference; lastKnownFileType = sourcecode.swift; path = MonthGridView.swift; sourceTree = "<group>"; };
		488663A12D9F8531006B6646 /* DayView.swift */ = {isa = PBXFileReference; lastKnownFileType = sourcecode.swift; path = DayView.swift; sourceTree = "<group>"; };
		488663A42DA0645E006B6646 /* MonthView.swift */ = {isa = PBXFileReference; lastKnownFileType = sourcecode.swift; path = MonthView.swift; sourceTree = "<group>"; };
		488663A72DA08A4C006B6646 /* MiniMonthGridView.swift */ = {isa = PBXFileReference; lastKnownFileType = sourcecode.swift; path = MiniMonthGridView.swift; sourceTree = "<group>"; };
		48CC0F662DA9C04800E4879C /* InformationView.swift */ = {isa = PBXFileReference; lastKnownFileType = sourcecode.swift; path = InformationView.swift; sourceTree = "<group>"; };
		48CC0F6A2DAA2DBF00E4879C /* ConverterView.swift */ = {isa = PBXFileReference; lastKnownFileType = sourcecode.swift; path = ConverterView.swift; sourceTree = "<group>"; };
		48CC0F6C2DAA34DA00E4879C /* FRDatePicker.swift */ = {isa = PBXFileReference; lastKnownFileType = sourcecode.swift; path = FRDatePicker.swift; sourceTree = "<group>"; };
		48E54A8E2DB1C5850024EA9A /* Reminder.swift */ = {isa = PBXFileReference; lastKnownFileType = sourcecode.swift; path = Reminder.swift; sourceTree = "<group>"; };
		48EDCB922DAC138600D1A861 /* CalPickerTests.swift */ = {isa = PBXFileReference; lastKnownFileType = sourcecode.swift; path = CalPickerTests.swift; sourceTree = "<group>"; };
/* End PBXFileReference section */

/* Begin PBXFileSystemSynchronizedBuildFileExceptionSet section */
		487561ED2DB873CC00EE1628 /* PBXFileSystemSynchronizedBuildFileExceptionSet */ = {
			isa = PBXFileSystemSynchronizedBuildFileExceptionSet;
			membershipExceptions = (
				Info.plist,
			);
			target = 487561DA2DB873CB00EE1628 /* FRCalendarWidgetExtension */;
		};
/* End PBXFileSystemSynchronizedBuildFileExceptionSet section */

/* Begin PBXFileSystemSynchronizedRootGroup section */
		487561DE2DB873CB00EE1628 /* FRCalendarWidget */ = {isa = PBXFileSystemSynchronizedRootGroup; exceptions = (487561ED2DB873CC00EE1628 /* PBXFileSystemSynchronizedBuildFileExceptionSet */, ); explicitFileTypes = {}; explicitFolders = (); path = FRCalendarWidget; sourceTree = "<group>"; };
/* End PBXFileSystemSynchronizedRootGroup section */

/* Begin PBXFrameworksBuildPhase section */
		48670B232D9DF6E6008CB09D /* Frameworks */ = {
			isa = PBXFrameworksBuildPhase;
			buildActionMask = 2147483647;
			files = (
			);
			runOnlyForDeploymentPostprocessing = 0;
		};
		48670B342D9DF6E8008CB09D /* Frameworks */ = {
			isa = PBXFrameworksBuildPhase;
			buildActionMask = 2147483647;
			files = (
			);
			runOnlyForDeploymentPostprocessing = 0;
		};
		48670B3E2D9DF6E8008CB09D /* Frameworks */ = {
			isa = PBXFrameworksBuildPhase;
			buildActionMask = 2147483647;
			files = (
			);
			runOnlyForDeploymentPostprocessing = 0;
		};
		487561D82DB873CB00EE1628 /* Frameworks */ = {
			isa = PBXFrameworksBuildPhase;
			buildActionMask = 2147483647;
			files = (
				487561DD2DB873CB00EE1628 /* SwiftUI.framework in Frameworks */,
				487561DC2DB873CB00EE1628 /* WidgetKit.framework in Frameworks */,
			);
			runOnlyForDeploymentPostprocessing = 0;
		};
/* End PBXFrameworksBuildPhase section */

/* Begin PBXGroup section */
		4818813A2DAAEF9300E7529C /* Sheets */ = {
			isa = PBXGroup;
			children = (
				484D4E832DAF363600A2392D /* ReminderCreationView.swift */,
				48CC0F662DA9C04800E4879C /* InformationView.swift */,
				48CC0F6A2DAA2DBF00E4879C /* ConverterView.swift */,
			);
			path = Sheets;
			sourceTree = "<group>";
		};
		48670B1D2D9DF6E6008CB09D = {
			isa = PBXGroup;
			children = (
				48670B282D9DF6E6008CB09D /* FRCalendar */,
				48670B3A2D9DF6E8008CB09D /* FRCalendarTests */,
				48670B442D9DF6E8008CB09D /* FRCalendarUITests */,
				487561DE2DB873CB00EE1628 /* FRCalendarWidget */,
				487561A42DB86ED100EE1628 /* Frameworks */,
				48670B272D9DF6E6008CB09D /* Products */,
			);
			sourceTree = "<group>";
		};
		48670B272D9DF6E6008CB09D /* Products */ = {
			isa = PBXGroup;
			children = (
				48670B262D9DF6E6008CB09D /* FRCalendar.app */,
				48670B372D9DF6E8008CB09D /* FRCalendarTests.xctest */,
				48670B412D9DF6E8008CB09D /* FRCalendarUITests.xctest */,
				487561DB2DB873CB00EE1628 /* FRCalendarWidgetExtension.appex */,
			);
			name = Products;
			sourceTree = "<group>";
		};
		48670B282D9DF6E6008CB09D /* FRCalendar */ = {
			isa = PBXGroup;
			children = (
				48670B292D9DF6E6008CB09D /* FRCalendarApp.swift */,
				486E775A2DA7713F0094FE9E /* AppDelegate.swift */,
				48E54A8E2DB1C5850024EA9A /* Reminder.swift */,
				48535D962DAD698E00AAB5D6 /* Global.swift */,
				48670B2B2D9DF6E6008CB09D /* ContentView.swift */,
				4818813A2DAAEF9300E7529C /* Sheets */,
				48670B722D9EF0B9008CB09D /* Calendar */,
				48670B762D9EF0B9008CB09D /* Month */,
				48670B792D9EF0B9008CB09D /* Day */,
				48670B8A2D9EF0D9008CB09D /* Utilities */,
				48670B2D2D9DF6E8008CB09D /* Assets.xcassets */,
				48670B2F2D9DF6E8008CB09D /* FRCalendar.entitlements */,
				48670B5A2D9DFC93008CB09D /* frcal_leap.txt */,
				4847148C2DA6C8CC0062E38C /* rural_calendar.txt */,
				48670B302D9DF6E8008CB09D /* Preview Content */,
			);
			path = FRCalendar;
			sourceTree = "<group>";
		};
		48670B302D9DF6E8008CB09D /* Preview Content */ = {
			isa = PBXGroup;
			children = (
				48670B312D9DF6E8008CB09D /* Preview Assets.xcassets */,
			);
			path = "Preview Content";
			sourceTree = "<group>";
		};
		48670B3A2D9DF6E8008CB09D /* FRCalendarTests */ = {
			isa = PBXGroup;
			children = (
				48670B3B2D9DF6E8008CB09D /* FRCalendarTests.swift */,
				48EDCB922DAC138600D1A861 /* CalPickerTests.swift */,
			);
			path = FRCalendarTests;
			sourceTree = "<group>";
		};
		48670B442D9DF6E8008CB09D /* FRCalendarUITests */ = {
			isa = PBXGroup;
			children = (
				48670B452D9DF6E8008CB09D /* FRCalendarUITests.swift */,
				48670B472D9DF6E8008CB09D /* FRCalendarUITestsLaunchTests.swift */,
			);
			path = FRCalendarUITests;
			sourceTree = "<group>";
		};
		48670B722D9EF0B9008CB09D /* Calendar */ = {
			isa = PBXGroup;
			children = (
				4886639B2D9F83C1006B6646 /* YearView.swift */,
				48670B742D9EF0B9008CB09D /* YearViewModel.swift */,
			);
			path = Calendar;
			sourceTree = "<group>";
		};
		48670B762D9EF0B9008CB09D /* Month */ = {
			isa = PBXGroup;
			children = (
				488663A42DA0645E006B6646 /* MonthView.swift */,
				4886639E2D9F8415006B6646 /* MonthGridView.swift */,
				488663A72DA08A4C006B6646 /* MiniMonthGridView.swift */,
				48670B782D9EF0B9008CB09D /* Month.swift */,
			);
			path = Month;
			sourceTree = "<group>";
		};
		48670B792D9EF0B9008CB09D /* Day */ = {
			isa = PBXGroup;
			children = (
				488663A12D9F8531006B6646 /* DayView.swift */,
				48670B7A2D9EF0B9008CB09D /* Day.swift */,
			);
			path = Day;
			sourceTree = "<group>";
		};
		48670B8A2D9EF0D9008CB09D /* Utilities */ = {
			isa = PBXGroup;
			children = (
				48CC0F6C2DAA34DA00E4879C /* FRDatePicker.swift */,
				484D4E862DB0287A00A2392D /* TimePicker.swift */,
				480A20292DB60B08009C407D /* Color.swift */,
				48535D982DAD91D600AAB5D6 /* UIDevice.swift */,
				48670B8B2D9EF0D9008CB09D /* View.swift */,
				48670B562D9DF739008CB09D /* Date.swift */,
				48670B542D9DF72F008CB09D /* FRDate.swift */,
			);
			path = Utilities;
			sourceTree = "<group>";
		};
		487561A42DB86ED100EE1628 /* Frameworks */ = {
			isa = PBXGroup;
			children = (
				487561A52DB86ED100EE1628 /* WidgetKit.framework */,
				487561A72DB86ED100EE1628 /* SwiftUI.framework */,
			);
			name = Frameworks;
			sourceTree = "<group>";
		};
/* End PBXGroup section */

/* Begin PBXNativeTarget section */
		48670B252D9DF6E6008CB09D /* FRCalendar */ = {
			isa = PBXNativeTarget;
			buildConfigurationList = 48670B4B2D9DF6E8008CB09D /* Build configuration list for PBXNativeTarget "FRCalendar" */;
			buildPhases = (
				48670B222D9DF6E6008CB09D /* Sources */,
				48670B232D9DF6E6008CB09D /* Frameworks */,
				48670B242D9DF6E6008CB09D /* Resources */,
				487561BC2DB86ED200EE1628 /* Embed Foundation Extensions */,
			);
			buildRules = (
			);
			dependencies = (
				487561EB2DB873CC00EE1628 /* PBXTargetDependency */,
			);
			name = FRCalendar;
			productName = FRCalendar;
			productReference = 48670B262D9DF6E6008CB09D /* FRCalendar.app */;
			productType = "com.apple.product-type.application";
		};
		48670B362D9DF6E8008CB09D /* FRCalendarTests */ = {
			isa = PBXNativeTarget;
			buildConfigurationList = 48670B4E2D9DF6E8008CB09D /* Build configuration list for PBXNativeTarget "FRCalendarTests" */;
			buildPhases = (
				48670B332D9DF6E8008CB09D /* Sources */,
				48670B342D9DF6E8008CB09D /* Frameworks */,
				48670B352D9DF6E8008CB09D /* Resources */,
			);
			buildRules = (
			);
			dependencies = (
				48670B392D9DF6E8008CB09D /* PBXTargetDependency */,
			);
			name = FRCalendarTests;
			productName = FRCalendarTests;
			productReference = 48670B372D9DF6E8008CB09D /* FRCalendarTests.xctest */;
			productType = "com.apple.product-type.bundle.unit-test";
		};
		48670B402D9DF6E8008CB09D /* FRCalendarUITests */ = {
			isa = PBXNativeTarget;
			buildConfigurationList = 48670B512D9DF6E8008CB09D /* Build configuration list for PBXNativeTarget "FRCalendarUITests" */;
			buildPhases = (
				48670B3D2D9DF6E8008CB09D /* Sources */,
				48670B3E2D9DF6E8008CB09D /* Frameworks */,
				48670B3F2D9DF6E8008CB09D /* Resources */,
			);
			buildRules = (
			);
			dependencies = (
				48670B432D9DF6E8008CB09D /* PBXTargetDependency */,
			);
			name = FRCalendarUITests;
			productName = FRCalendarUITests;
			productReference = 48670B412D9DF6E8008CB09D /* FRCalendarUITests.xctest */;
			productType = "com.apple.product-type.bundle.ui-testing";
		};
		487561DA2DB873CB00EE1628 /* FRCalendarWidgetExtension */ = {
			isa = PBXNativeTarget;
			buildConfigurationList = 487561EE2DB873CC00EE1628 /* Build configuration list for PBXNativeTarget "FRCalendarWidgetExtension" */;
			buildPhases = (
				487561D72DB873CB00EE1628 /* Sources */,
				487561D82DB873CB00EE1628 /* Frameworks */,
				487561D92DB873CB00EE1628 /* Resources */,
			);
			buildRules = (
			);
			dependencies = (
			);
			fileSystemSynchronizedGroups = (
				487561DE2DB873CB00EE1628 /* FRCalendarWidget */,
			);
			name = FRCalendarWidgetExtension;
			packageProductDependencies = (
			);
			productName = FRCalendarWidgetExtension;
			productReference = 487561DB2DB873CB00EE1628 /* FRCalendarWidgetExtension.appex */;
			productType = "com.apple.product-type.app-extension";
		};
/* End PBXNativeTarget section */

/* Begin PBXProject section */
		48670B1E2D9DF6E6008CB09D /* Project object */ = {
			isa = PBXProject;
			attributes = {
				BuildIndependentTargetsInParallel = 1;
				LastSwiftUpdateCheck = 1630;
				LastUpgradeCheck = 1630;
				TargetAttributes = {
					48670B252D9DF6E6008CB09D = {
						CreatedOnToolsVersion = 15.0.1;
					};
					48670B362D9DF6E8008CB09D = {
						CreatedOnToolsVersion = 15.0.1;
						TestTargetID = 48670B252D9DF6E6008CB09D;
					};
					48670B402D9DF6E8008CB09D = {
						CreatedOnToolsVersion = 15.0.1;
						TestTargetID = 48670B252D9DF6E6008CB09D;
					};
					487561DA2DB873CB00EE1628 = {
						CreatedOnToolsVersion = 16.3;
					};
				};
			};
			buildConfigurationList = 48670B212D9DF6E6008CB09D /* Build configuration list for PBXProject "FRCalendar" */;
			compatibilityVersion = "Xcode 14.0";
			developmentRegion = en;
			hasScannedForEncodings = 0;
			knownRegions = (
				en,
				Base,
			);
			mainGroup = 48670B1D2D9DF6E6008CB09D;
			productRefGroup = 48670B272D9DF6E6008CB09D /* Products */;
			projectDirPath = "";
			projectRoot = "";
			targets = (
				48670B252D9DF6E6008CB09D /* FRCalendar */,
				48670B362D9DF6E8008CB09D /* FRCalendarTests */,
				48670B402D9DF6E8008CB09D /* FRCalendarUITests */,
				487561DA2DB873CB00EE1628 /* FRCalendarWidgetExtension */,
			);
		};
/* End PBXProject section */

/* Begin PBXResourcesBuildPhase section */
		48670B242D9DF6E6008CB09D /* Resources */ = {
			isa = PBXResourcesBuildPhase;
			buildActionMask = 2147483647;
			files = (
				48670B322D9DF6E8008CB09D /* Preview Assets.xcassets in Resources */,
				48670B2E2D9DF6E8008CB09D /* Assets.xcassets in Resources */,
				48670B5B2D9DFC93008CB09D /* frcal_leap.txt in Resources */,
				4847148D2DA6C8CC0062E38C /* rural_calendar.txt in Resources */,
			);
			runOnlyForDeploymentPostprocessing = 0;
		};
		48670B352D9DF6E8008CB09D /* Resources */ = {
			isa = PBXResourcesBuildPhase;
			buildActionMask = 2147483647;
			files = (
			);
			runOnlyForDeploymentPostprocessing = 0;
		};
		48670B3F2D9DF6E8008CB09D /* Resources */ = {
			isa = PBXResourcesBuildPhase;
			buildActionMask = 2147483647;
			files = (
			);
			runOnlyForDeploymentPostprocessing = 0;
		};
		487561D92DB873CB00EE1628 /* Resources */ = {
			isa = PBXResourcesBuildPhase;
			buildActionMask = 2147483647;
			files = (
				48599A262DB9DCF100321C4A /* rural_calendar.txt in Resources */,
				48599A252DB9DCD000321C4A /* frcal_leap.txt in Resources */,
			);
			runOnlyForDeploymentPostprocessing = 0;
		};
/* End PBXResourcesBuildPhase section */

/* Begin PBXSourcesBuildPhase section */
		48670B222D9DF6E6008CB09D /* Sources */ = {
			isa = PBXSourcesBuildPhase;
			buildActionMask = 2147483647;
			files = (
				48CC0F672DA9C05600E4879C /* InformationView.swift in Sources */,
				48535D992DAD91DA00AAB5D6 /* UIDevice.swift in Sources */,
				480A202B2DB60B0E009C407D /* Color.swift in Sources */,
				48670B7E2D9EF0B9008CB09D /* YearViewModel.swift in Sources */,
				488663A62DA06463006B6646 /* MonthView.swift in Sources */,
				48CC0F6D2DAA34E700E4879C /* FRDatePicker.swift in Sources */,
				4886639D2D9F83CC006B6646 /* YearView.swift in Sources */,
				488663A32D9F8535006B6646 /* DayView.swift in Sources */,
				486E775B2DA771470094FE9E /* AppDelegate.swift in Sources */,
				48670B842D9EF0B9008CB09D /* Month.swift in Sources */,
				484D4E872DB028DE00A2392D /* TimePicker.swift in Sources */,
				48535D972DAD699100AAB5D6 /* Global.swift in Sources */,
				48670B2C2D9DF6E6008CB09D /* ContentView.swift in Sources */,
				48670B552D9DF72F008CB09D /* FRDate.swift in Sources */,
				48E54A902DB1C5850024EA9A /* Reminder.swift in Sources */,
				48CC0F6B2DAA2DCA00E4879C /* ConverterView.swift in Sources */,
				48670B2A2D9DF6E6008CB09D /* FRCalendarApp.swift in Sources */,
				48670B8D2D9EF0D9008CB09D /* View.swift in Sources */,
				484D4E852DAF364300A2392D /* ReminderCreationView.swift in Sources */,
				488663A82DA08A55006B6646 /* MiniMonthGridView.swift in Sources */,
				488663A02D9F8424006B6646 /* MonthGridView.swift in Sources */,
				48670B572D9DF739008CB09D /* Date.swift in Sources */,
				48670B862D9EF0B9008CB09D /* Day.swift in Sources */,
			);
			runOnlyForDeploymentPostprocessing = 0;
		};
		48670B332D9DF6E8008CB09D /* Sources */ = {
			isa = PBXSourcesBuildPhase;
			buildActionMask = 2147483647;
			files = (
				48670B3C2D9DF6E8008CB09D /* FRCalendarTests.swift in Sources */,
				48535D9A2DAD91DA00AAB5D6 /* UIDevice.swift in Sources */,
				48EDCB952DAC168500D1A861 /* ConverterView.swift in Sources */,
				486E77592DA764FA0094FE9E /* ContentView.swift in Sources */,
				484D4E882DB028DE00A2392D /* TimePicker.swift in Sources */,
				48670B592D9DF829008CB09D /* Date.swift in Sources */,
				4886639F2D9F8424006B6646 /* MonthGridView.swift in Sources */,
				488663A52DA06463006B6646 /* MonthView.swift in Sources */,
				488663A22D9F8535006B6646 /* DayView.swift in Sources */,
				48EDCB942DAC14AE00D1A861 /* FRDatePicker.swift in Sources */,
				4886639C2D9F83CC006B6646 /* YearView.swift in Sources */,
				488663A92DA08A55006B6646 /* MiniMonthGridView.swift in Sources */,
				48670B852D9EF0B9008CB09D /* Month.swift in Sources */,
				480A202A2DB60B0E009C407D /* Color.swift in Sources */,
				48670B872D9EF0B9008CB09D /* Day.swift in Sources */,
				48670B582D9DF824008CB09D /* FRDate.swift in Sources */,
				48E54A8F2DB1C5850024EA9A /* Reminder.swift in Sources */,
				48670B7F2D9EF0B9008CB09D /* YearViewModel.swift in Sources */,
				48EDCB962DAC16A500D1A861 /* InformationView.swift in Sources */,
				484D4E842DAF364300A2392D /* ReminderCreationView.swift in Sources */,
				48EDCB932DAC139200D1A861 /* CalPickerTests.swift in Sources */,
				48670B8E2D9EF0D9008CB09D /* View.swift in Sources */,
			);
			runOnlyForDeploymentPostprocessing = 0;
		};
		48670B3D2D9DF6E8008CB09D /* Sources */ = {
			isa = PBXSourcesBuildPhase;
			buildActionMask = 2147483647;
			files = (
				48670B482D9DF6E8008CB09D /* FRCalendarUITestsLaunchTests.swift in Sources */,
				48670B462D9DF6E8008CB09D /* FRCalendarUITests.swift in Sources */,
			);
			runOnlyForDeploymentPostprocessing = 0;
		};
		487561D72DB873CB00EE1628 /* Sources */ = {
			isa = PBXSourcesBuildPhase;
			buildActionMask = 2147483647;
			files = (
				48599A232DB9DCC200321C4A /* Date.swift in Sources */,
				48599A242DB9DCC600321C4A /* View.swift in Sources */,
				48599A222DB9DCBD00321C4A /* FRDate.swift in Sources */,
			);
			runOnlyForDeploymentPostprocessing = 0;
		};
/* End PBXSourcesBuildPhase section */

/* Begin PBXTargetDependency section */
		48670B392D9DF6E8008CB09D /* PBXTargetDependency */ = {
			isa = PBXTargetDependency;
			target = 48670B252D9DF6E6008CB09D /* FRCalendar */;
			targetProxy = 48670B382D9DF6E8008CB09D /* PBXContainerItemProxy */;
		};
		48670B432D9DF6E8008CB09D /* PBXTargetDependency */ = {
			isa = PBXTargetDependency;
			target = 48670B252D9DF6E6008CB09D /* FRCalendar */;
			targetProxy = 48670B422D9DF6E8008CB09D /* PBXContainerItemProxy */;
		};
		487561EB2DB873CC00EE1628 /* PBXTargetDependency */ = {
			isa = PBXTargetDependency;
			target = 487561DA2DB873CB00EE1628 /* FRCalendarWidgetExtension */;
			targetProxy = 487561EA2DB873CC00EE1628 /* PBXContainerItemProxy */;
		};
/* End PBXTargetDependency section */

/* Begin XCBuildConfiguration section */
		48670B492D9DF6E8008CB09D /* Debug */ = {
			isa = XCBuildConfiguration;
			buildSettings = {
				ALWAYS_SEARCH_USER_PATHS = NO;
				ASSETCATALOG_COMPILER_GENERATE_SWIFT_ASSET_SYMBOL_EXTENSIONS = YES;
				CLANG_ANALYZER_NONNULL = YES;
				CLANG_ANALYZER_NUMBER_OBJECT_CONVERSION = YES_AGGRESSIVE;
				CLANG_CXX_LANGUAGE_STANDARD = "gnu++20";
				CLANG_ENABLE_MODULES = YES;
				CLANG_ENABLE_OBJC_ARC = YES;
				CLANG_ENABLE_OBJC_WEAK = YES;
				CLANG_WARN_BLOCK_CAPTURE_AUTORELEASING = YES;
				CLANG_WARN_BOOL_CONVERSION = YES;
				CLANG_WARN_COMMA = YES;
				CLANG_WARN_CONSTANT_CONVERSION = YES;
				CLANG_WARN_DEPRECATED_OBJC_IMPLEMENTATIONS = YES;
				CLANG_WARN_DIRECT_OBJC_ISA_USAGE = YES_ERROR;
				CLANG_WARN_DOCUMENTATION_COMMENTS = YES;
				CLANG_WARN_EMPTY_BODY = YES;
				CLANG_WARN_ENUM_CONVERSION = YES;
				CLANG_WARN_INFINITE_RECURSION = YES;
				CLANG_WARN_INT_CONVERSION = YES;
				CLANG_WARN_NON_LITERAL_NULL_CONVERSION = YES;
				CLANG_WARN_OBJC_IMPLICIT_RETAIN_SELF = YES;
				CLANG_WARN_OBJC_LITERAL_CONVERSION = YES;
				CLANG_WARN_OBJC_ROOT_CLASS = YES_ERROR;
				CLANG_WARN_QUOTED_INCLUDE_IN_FRAMEWORK_HEADER = YES;
				CLANG_WARN_RANGE_LOOP_ANALYSIS = YES;
				CLANG_WARN_STRICT_PROTOTYPES = YES;
				CLANG_WARN_SUSPICIOUS_MOVE = YES;
				CLANG_WARN_UNGUARDED_AVAILABILITY = YES_AGGRESSIVE;
				CLANG_WARN_UNREACHABLE_CODE = YES;
				CLANG_WARN__DUPLICATE_METHOD_MATCH = YES;
				COPY_PHASE_STRIP = NO;
				DEAD_CODE_STRIPPING = YES;
				DEBUG_INFORMATION_FORMAT = dwarf;
				DEVELOPMENT_TEAM = T42M575FSS;
				ENABLE_STRICT_OBJC_MSGSEND = YES;
				ENABLE_TESTABILITY = YES;
				ENABLE_USER_SCRIPT_SANDBOXING = YES;
				GCC_C_LANGUAGE_STANDARD = gnu17;
				GCC_DYNAMIC_NO_PIC = NO;
				GCC_NO_COMMON_BLOCKS = YES;
				GCC_OPTIMIZATION_LEVEL = 0;
				GCC_PREPROCESSOR_DEFINITIONS = (
					"DEBUG=1",
					"$(inherited)",
				);
				GCC_WARN_64_TO_32_BIT_CONVERSION = YES;
				GCC_WARN_ABOUT_RETURN_TYPE = YES_ERROR;
				GCC_WARN_UNDECLARED_SELECTOR = YES;
				GCC_WARN_UNINITIALIZED_AUTOS = YES_AGGRESSIVE;
				GCC_WARN_UNUSED_FUNCTION = YES;
				GCC_WARN_UNUSED_VARIABLE = YES;
				LOCALIZATION_PREFERS_STRING_CATALOGS = YES;
				MTL_ENABLE_DEBUG_INFO = INCLUDE_SOURCE;
				MTL_FAST_MATH = YES;
				ONLY_ACTIVE_ARCH = YES;
				SWIFT_ACTIVE_COMPILATION_CONDITIONS = "DEBUG $(inherited)";
				SWIFT_OPTIMIZATION_LEVEL = "-Onone";
			};
			name = Debug;
		};
		48670B4A2D9DF6E8008CB09D /* Release */ = {
			isa = XCBuildConfiguration;
			buildSettings = {
				ALWAYS_SEARCH_USER_PATHS = NO;
				ASSETCATALOG_COMPILER_GENERATE_SWIFT_ASSET_SYMBOL_EXTENSIONS = YES;
				CLANG_ANALYZER_NONNULL = YES;
				CLANG_ANALYZER_NUMBER_OBJECT_CONVERSION = YES_AGGRESSIVE;
				CLANG_CXX_LANGUAGE_STANDARD = "gnu++20";
				CLANG_ENABLE_MODULES = YES;
				CLANG_ENABLE_OBJC_ARC = YES;
				CLANG_ENABLE_OBJC_WEAK = YES;
				CLANG_WARN_BLOCK_CAPTURE_AUTORELEASING = YES;
				CLANG_WARN_BOOL_CONVERSION = YES;
				CLANG_WARN_COMMA = YES;
				CLANG_WARN_CONSTANT_CONVERSION = YES;
				CLANG_WARN_DEPRECATED_OBJC_IMPLEMENTATIONS = YES;
				CLANG_WARN_DIRECT_OBJC_ISA_USAGE = YES_ERROR;
				CLANG_WARN_DOCUMENTATION_COMMENTS = YES;
				CLANG_WARN_EMPTY_BODY = YES;
				CLANG_WARN_ENUM_CONVERSION = YES;
				CLANG_WARN_INFINITE_RECURSION = YES;
				CLANG_WARN_INT_CONVERSION = YES;
				CLANG_WARN_NON_LITERAL_NULL_CONVERSION = YES;
				CLANG_WARN_OBJC_IMPLICIT_RETAIN_SELF = YES;
				CLANG_WARN_OBJC_LITERAL_CONVERSION = YES;
				CLANG_WARN_OBJC_ROOT_CLASS = YES_ERROR;
				CLANG_WARN_QUOTED_INCLUDE_IN_FRAMEWORK_HEADER = YES;
				CLANG_WARN_RANGE_LOOP_ANALYSIS = YES;
				CLANG_WARN_STRICT_PROTOTYPES = YES;
				CLANG_WARN_SUSPICIOUS_MOVE = YES;
				CLANG_WARN_UNGUARDED_AVAILABILITY = YES_AGGRESSIVE;
				CLANG_WARN_UNREACHABLE_CODE = YES;
				CLANG_WARN__DUPLICATE_METHOD_MATCH = YES;
				COPY_PHASE_STRIP = NO;
				DEAD_CODE_STRIPPING = YES;
				DEBUG_INFORMATION_FORMAT = "dwarf-with-dsym";
				DEVELOPMENT_TEAM = T42M575FSS;
				ENABLE_NS_ASSERTIONS = NO;
				ENABLE_STRICT_OBJC_MSGSEND = YES;
				ENABLE_USER_SCRIPT_SANDBOXING = YES;
				GCC_C_LANGUAGE_STANDARD = gnu17;
				GCC_NO_COMMON_BLOCKS = YES;
				GCC_WARN_64_TO_32_BIT_CONVERSION = YES;
				GCC_WARN_ABOUT_RETURN_TYPE = YES_ERROR;
				GCC_WARN_UNDECLARED_SELECTOR = YES;
				GCC_WARN_UNINITIALIZED_AUTOS = YES_AGGRESSIVE;
				GCC_WARN_UNUSED_FUNCTION = YES;
				GCC_WARN_UNUSED_VARIABLE = YES;
				LOCALIZATION_PREFERS_STRING_CATALOGS = YES;
				MTL_ENABLE_DEBUG_INFO = NO;
				MTL_FAST_MATH = YES;
				SWIFT_COMPILATION_MODE = wholemodule;
			};
			name = Release;
		};
		48670B4C2D9DF6E8008CB09D /* Debug */ = {
			isa = XCBuildConfiguration;
			buildSettings = {
				ASSETCATALOG_COMPILER_APPICON_NAME = AppIcon;
				ASSETCATALOG_COMPILER_GLOBAL_ACCENT_COLOR_NAME = AccentColor;
				CODE_SIGN_ENTITLEMENTS = FRCalendar/FRCalendar.entitlements;
				CODE_SIGN_STYLE = Automatic;
				CURRENT_PROJECT_VERSION = 3;
				DEAD_CODE_STRIPPING = YES;
				DEVELOPMENT_ASSET_PATHS = "\"FRCalendar/Preview Content\"";
				DEVELOPMENT_TEAM = 5HRDTDUZ98;
				ENABLE_HARDENED_RUNTIME = YES;
				ENABLE_PREVIEWS = YES;
				GENERATE_INFOPLIST_FILE = YES;
				INFOPLIST_KEY_CFBundleDisplayName = RepubliCal;
				INFOPLIST_KEY_LSApplicationCategoryType = "public.app-category.productivity";
				"INFOPLIST_KEY_UIApplicationSceneManifest_Generation[sdk=iphoneos*]" = YES;
				"INFOPLIST_KEY_UIApplicationSceneManifest_Generation[sdk=iphonesimulator*]" = YES;
				"INFOPLIST_KEY_UIApplicationSupportsIndirectInputEvents[sdk=iphoneos*]" = YES;
				"INFOPLIST_KEY_UIApplicationSupportsIndirectInputEvents[sdk=iphonesimulator*]" = YES;
				"INFOPLIST_KEY_UILaunchScreen_Generation[sdk=iphoneos*]" = YES;
				"INFOPLIST_KEY_UILaunchScreen_Generation[sdk=iphonesimulator*]" = YES;
				"INFOPLIST_KEY_UIStatusBarStyle[sdk=iphoneos*]" = UIStatusBarStyleDefault;
				"INFOPLIST_KEY_UIStatusBarStyle[sdk=iphonesimulator*]" = UIStatusBarStyleDefault;
				INFOPLIST_KEY_UISupportedInterfaceOrientations = UIInterfaceOrientationPortrait;
				IPHONEOS_DEPLOYMENT_TARGET = 17.0;
				LD_RUNPATH_SEARCH_PATHS = "@executable_path/Frameworks";
				"LD_RUNPATH_SEARCH_PATHS[sdk=macosx*]" = "@executable_path/../Frameworks";
				MACOSX_DEPLOYMENT_TARGET = 14.0;
				MARKETING_VERSION = 1.0;
				PRODUCT_BUNDLE_IDENTIFIER = "com.code3e.fr-calendar";
				PRODUCT_NAME = "$(TARGET_NAME)";
				SDKROOT = auto;
				SUPPORTED_PLATFORMS = "iphoneos iphonesimulator";
				SUPPORTS_MACCATALYST = NO;
				SWIFT_EMIT_LOC_STRINGS = YES;
				SWIFT_VERSION = 5.0;
				TARGETED_DEVICE_FAMILY = 1;
			};
			name = Debug;
		};
		48670B4D2D9DF6E8008CB09D /* Release */ = {
			isa = XCBuildConfiguration;
			buildSettings = {
				ASSETCATALOG_COMPILER_APPICON_NAME = AppIcon;
				ASSETCATALOG_COMPILER_GLOBAL_ACCENT_COLOR_NAME = AccentColor;
				CODE_SIGN_ENTITLEMENTS = FRCalendar/FRCalendar.entitlements;
				CODE_SIGN_STYLE = Automatic;
				CURRENT_PROJECT_VERSION = 3;
				DEAD_CODE_STRIPPING = YES;
				DEVELOPMENT_ASSET_PATHS = "\"FRCalendar/Preview Content\"";
				DEVELOPMENT_TEAM = 5HRDTDUZ98;
				ENABLE_HARDENED_RUNTIME = YES;
				ENABLE_PREVIEWS = YES;
				GENERATE_INFOPLIST_FILE = YES;
				INFOPLIST_KEY_CFBundleDisplayName = RepubliCal;
				INFOPLIST_KEY_LSApplicationCategoryType = "public.app-category.productivity";
				"INFOPLIST_KEY_UIApplicationSceneManifest_Generation[sdk=iphoneos*]" = YES;
				"INFOPLIST_KEY_UIApplicationSceneManifest_Generation[sdk=iphonesimulator*]" = YES;
				"INFOPLIST_KEY_UIApplicationSupportsIndirectInputEvents[sdk=iphoneos*]" = YES;
				"INFOPLIST_KEY_UIApplicationSupportsIndirectInputEvents[sdk=iphonesimulator*]" = YES;
				"INFOPLIST_KEY_UILaunchScreen_Generation[sdk=iphoneos*]" = YES;
				"INFOPLIST_KEY_UILaunchScreen_Generation[sdk=iphonesimulator*]" = YES;
				"INFOPLIST_KEY_UIStatusBarStyle[sdk=iphoneos*]" = UIStatusBarStyleDefault;
				"INFOPLIST_KEY_UIStatusBarStyle[sdk=iphonesimulator*]" = UIStatusBarStyleDefault;
				INFOPLIST_KEY_UISupportedInterfaceOrientations = UIInterfaceOrientationPortrait;
				IPHONEOS_DEPLOYMENT_TARGET = 17.0;
				LD_RUNPATH_SEARCH_PATHS = "@executable_path/Frameworks";
				"LD_RUNPATH_SEARCH_PATHS[sdk=macosx*]" = "@executable_path/../Frameworks";
				MACOSX_DEPLOYMENT_TARGET = 14.0;
				MARKETING_VERSION = 1.0;
				PRODUCT_BUNDLE_IDENTIFIER = "com.code3e.fr-calendar";
				PRODUCT_NAME = "$(TARGET_NAME)";
				SDKROOT = auto;
				SUPPORTED_PLATFORMS = "iphoneos iphonesimulator";
				SUPPORTS_MACCATALYST = NO;
				SWIFT_EMIT_LOC_STRINGS = YES;
				SWIFT_VERSION = 5.0;
				TARGETED_DEVICE_FAMILY = 1;
			};
			name = Release;
		};
		48670B4F2D9DF6E8008CB09D /* Debug */ = {
			isa = XCBuildConfiguration;
			buildSettings = {
				BUNDLE_LOADER = "$(TEST_HOST)";
				CODE_SIGN_STYLE = Automatic;
				CURRENT_PROJECT_VERSION = 1;
				DEAD_CODE_STRIPPING = YES;
				GENERATE_INFOPLIST_FILE = YES;
				IPHONEOS_DEPLOYMENT_TARGET = 17.0;
				MACOSX_DEPLOYMENT_TARGET = 14.0;
				MARKETING_VERSION = 1.0;
				PRODUCT_BUNDLE_IDENTIFIER = com.company.FRCalendarTests;
				PRODUCT_NAME = "$(TARGET_NAME)";
				SDKROOT = auto;
				SUPPORTED_PLATFORMS = "iphoneos iphonesimulator";
				SUPPORTS_MACCATALYST = NO;
				SWIFT_EMIT_LOC_STRINGS = NO;
				SWIFT_VERSION = 5.0;
				TARGETED_DEVICE_FAMILY = 1;
				TEST_HOST = "$(BUILT_PRODUCTS_DIR)/FRCalendar.app/$(BUNDLE_EXECUTABLE_FOLDER_PATH)/FRCalendar";
			};
			name = Debug;
		};
		48670B502D9DF6E8008CB09D /* Release */ = {
			isa = XCBuildConfiguration;
			buildSettings = {
				BUNDLE_LOADER = "$(TEST_HOST)";
				CODE_SIGN_STYLE = Automatic;
				CURRENT_PROJECT_VERSION = 1;
				DEAD_CODE_STRIPPING = YES;
				GENERATE_INFOPLIST_FILE = YES;
				IPHONEOS_DEPLOYMENT_TARGET = 17.0;
				MACOSX_DEPLOYMENT_TARGET = 14.0;
				MARKETING_VERSION = 1.0;
				PRODUCT_BUNDLE_IDENTIFIER = com.company.FRCalendarTests;
				PRODUCT_NAME = "$(TARGET_NAME)";
				SDKROOT = auto;
				SUPPORTED_PLATFORMS = "iphoneos iphonesimulator";
				SUPPORTS_MACCATALYST = NO;
				SWIFT_EMIT_LOC_STRINGS = NO;
				SWIFT_VERSION = 5.0;
				TARGETED_DEVICE_FAMILY = 1;
				TEST_HOST = "$(BUILT_PRODUCTS_DIR)/FRCalendar.app/$(BUNDLE_EXECUTABLE_FOLDER_PATH)/FRCalendar";
			};
			name = Release;
		};
		48670B522D9DF6E8008CB09D /* Debug */ = {
			isa = XCBuildConfiguration;
			buildSettings = {
				CODE_SIGN_STYLE = Automatic;
				CURRENT_PROJECT_VERSION = 1;
				DEAD_CODE_STRIPPING = YES;
				GENERATE_INFOPLIST_FILE = YES;
				IPHONEOS_DEPLOYMENT_TARGET = 17.0;
				MACOSX_DEPLOYMENT_TARGET = 14.0;
				MARKETING_VERSION = 1.0;
				PRODUCT_BUNDLE_IDENTIFIER = com.company.FRCalendarUITests;
				PRODUCT_NAME = "$(TARGET_NAME)";
				SDKROOT = auto;
				SUPPORTED_PLATFORMS = "iphoneos iphonesimulator";
				SUPPORTS_MACCATALYST = NO;
				SWIFT_EMIT_LOC_STRINGS = NO;
				SWIFT_VERSION = 5.0;
				TARGETED_DEVICE_FAMILY = 1;
				TEST_TARGET_NAME = FRCalendar;
			};
			name = Debug;
		};
		48670B532D9DF6E8008CB09D /* Release */ = {
			isa = XCBuildConfiguration;
			buildSettings = {
				CODE_SIGN_STYLE = Automatic;
				CURRENT_PROJECT_VERSION = 1;
				DEAD_CODE_STRIPPING = YES;
				GENERATE_INFOPLIST_FILE = YES;
				IPHONEOS_DEPLOYMENT_TARGET = 17.0;
				MACOSX_DEPLOYMENT_TARGET = 14.0;
				MARKETING_VERSION = 1.0;
				PRODUCT_BUNDLE_IDENTIFIER = com.company.FRCalendarUITests;
				PRODUCT_NAME = "$(TARGET_NAME)";
				SDKROOT = auto;
				SUPPORTED_PLATFORMS = "iphoneos iphonesimulator";
				SUPPORTS_MACCATALYST = NO;
				SWIFT_EMIT_LOC_STRINGS = NO;
				SWIFT_VERSION = 5.0;
				TARGETED_DEVICE_FAMILY = 1;
				TEST_TARGET_NAME = FRCalendar;
			};
			name = Release;
		};
		487561EF2DB873CC00EE1628 /* Debug */ = {
			isa = XCBuildConfiguration;
			buildSettings = {
				ASSETCATALOG_COMPILER_GLOBAL_ACCENT_COLOR_NAME = AccentColor;
				ASSETCATALOG_COMPILER_WIDGET_BACKGROUND_COLOR_NAME = WidgetBackground;
				CODE_SIGN_STYLE = Automatic;
				CURRENT_PROJECT_VERSION = 3;
				DEVELOPMENT_TEAM = 5HRDTDUZ98;
				GENERATE_INFOPLIST_FILE = YES;
				INFOPLIST_FILE = FRCalendarWidget/Info.plist;
				INFOPLIST_KEY_CFBundleDisplayName = FRCalendarWidget;
				INFOPLIST_KEY_NSHumanReadableCopyright = "";
				IPHONEOS_DEPLOYMENT_TARGET = 18.0;
				LD_RUNPATH_SEARCH_PATHS = (
					"$(inherited)",
					"@executable_path/Frameworks",
					"@executable_path/../../Frameworks",
				);
				MARKETING_VERSION = 1.0;
				PRODUCT_BUNDLE_IDENTIFIER = "com.code3e.fr-calendar.FRCalendarWidget";
				PRODUCT_NAME = "$(TARGET_NAME)";
				SDKROOT = iphoneos;
				SKIP_INSTALL = YES;
				SWIFT_EMIT_LOC_STRINGS = YES;
				SWIFT_VERSION = 5.0;
				TARGETED_DEVICE_FAMILY = "1,2";
			};
			name = Debug;
		};
		487561F02DB873CC00EE1628 /* Release */ = {
			isa = XCBuildConfiguration;
			buildSettings = {
				ASSETCATALOG_COMPILER_GLOBAL_ACCENT_COLOR_NAME = AccentColor;
				ASSETCATALOG_COMPILER_WIDGET_BACKGROUND_COLOR_NAME = WidgetBackground;
				CODE_SIGN_STYLE = Automatic;
				CURRENT_PROJECT_VERSION = 3;
				DEVELOPMENT_TEAM = 5HRDTDUZ98;
				GENERATE_INFOPLIST_FILE = YES;
				INFOPLIST_FILE = FRCalendarWidget/Info.plist;
				INFOPLIST_KEY_CFBundleDisplayName = FRCalendarWidget;
				INFOPLIST_KEY_NSHumanReadableCopyright = "";
				IPHONEOS_DEPLOYMENT_TARGET = 18.0;
				LD_RUNPATH_SEARCH_PATHS = (
					"$(inherited)",
					"@executable_path/Frameworks",
					"@executable_path/../../Frameworks",
				);
				MARKETING_VERSION = 1.0;
				PRODUCT_BUNDLE_IDENTIFIER = "com.code3e.fr-calendar.FRCalendarWidget";
				PRODUCT_NAME = "$(TARGET_NAME)";
				SDKROOT = iphoneos;
				SKIP_INSTALL = YES;
				SWIFT_EMIT_LOC_STRINGS = YES;
				SWIFT_VERSION = 5.0;
				TARGETED_DEVICE_FAMILY = "1,2";
				VALIDATE_PRODUCT = YES;
			};
			name = Release;
		};
/* End XCBuildConfiguration section */

/* Begin XCConfigurationList section */
		48670B212D9DF6E6008CB09D /* Build configuration list for PBXProject "FRCalendar" */ = {
			isa = XCConfigurationList;
			buildConfigurations = (
				48670B492D9DF6E8008CB09D /* Debug */,
				48670B4A2D9DF6E8008CB09D /* Release */,
			);
			defaultConfigurationIsVisible = 0;
			defaultConfigurationName = Release;
		};
		48670B4B2D9DF6E8008CB09D /* Build configuration list for PBXNativeTarget "FRCalendar" */ = {
			isa = XCConfigurationList;
			buildConfigurations = (
				48670B4C2D9DF6E8008CB09D /* Debug */,
				48670B4D2D9DF6E8008CB09D /* Release */,
			);
			defaultConfigurationIsVisible = 0;
			defaultConfigurationName = Release;
		};
		48670B4E2D9DF6E8008CB09D /* Build configuration list for PBXNativeTarget "FRCalendarTests" */ = {
			isa = XCConfigurationList;
			buildConfigurations = (
				48670B4F2D9DF6E8008CB09D /* Debug */,
				48670B502D9DF6E8008CB09D /* Release */,
			);
			defaultConfigurationIsVisible = 0;
			defaultConfigurationName = Release;
		};
		48670B512D9DF6E8008CB09D /* Build configuration list for PBXNativeTarget "FRCalendarUITests" */ = {
			isa = XCConfigurationList;
			buildConfigurations = (
				48670B522D9DF6E8008CB09D /* Debug */,
				48670B532D9DF6E8008CB09D /* Release */,
			);
			defaultConfigurationIsVisible = 0;
			defaultConfigurationName = Release;
		};
		487561EE2DB873CC00EE1628 /* Build configuration list for PBXNativeTarget "FRCalendarWidgetExtension" */ = {
			isa = XCConfigurationList;
			buildConfigurations = (
				487561EF2DB873CC00EE1628 /* Debug */,
				487561F02DB873CC00EE1628 /* Release */,
			);
			defaultConfigurationIsVisible = 0;
			defaultConfigurationName = Release;
		};
/* End XCConfigurationList section */
	};
	rootObject = 48670B1E2D9DF6E6008CB09D /* Project object */;
}
